schema: '2.0'
stages:
  prepare_splits:
    cmd: python scripts/prepare_splits.py
    deps:
    - path: data/raw
      hash: md5
      md5: e1d46facf4b2aebf48f81cc2166ad6ab.dir
      size: 2990123880
      nfiles: 98735
    - path: scripts/prepare_splits.py
      hash: md5
      md5: cd8c8f772c7b7d0a9f1879c3a67509d2
      size: 4113
      isexec: true
    outs:
    - path: outputs/image_modeling/label2id.json
      hash: md5
      md5: 2c4ee652148136abed6e670fa20052bb
      size: 362
    - path: outputs/image_modeling/train_split.csv
      hash: md5
      md5: a4c231acd83c87f72ce3ce2b780421f1
      size: 51506433
    - path: outputs/image_modeling/val_split.csv
      hash: md5
      md5: e93decc6161c46d8cf7c682df451afee
      size: 9255052
  train_image:
    cmd: python -m models.Model_I12_ConvNeXt_Base_ModerateAug_Full.train
    deps:
    - path: models/Model_I12_ConvNeXt_Base_ModerateAug_Full/config.py
      hash: md5
      md5: 522dd840bd46f71be815f106533f666a
      size: 5756
      isexec: true
    - path: models/Model_I12_ConvNeXt_Base_ModerateAug_Full/dataset.py
      hash: md5
      md5: e4f58b526997e14d5889fbafe0c13015
      size: 1978
      isexec: true
    - path: models/Model_I12_ConvNeXt_Base_ModerateAug_Full/train.py
      hash: md5
      md5: 1e4fffb58626d7e3a7112133774bca23
      size: 16728
      isexec: true
    - path: models/Model_I12_ConvNeXt_Base_ModerateAug_Full/utils.py
      hash: md5
      md5: 6edb25790dfee62332b3316bc85473ab
      size: 14979
      isexec: true
    - path: outputs/image_modeling/label2id.json
      hash: md5
      md5: 2c4ee652148136abed6e670fa20052bb
      size: 362
    - path: outputs/image_modeling/train_split.csv
      hash: md5
      md5: a4c231acd83c87f72ce3ce2b780421f1
      size: 51506433
    - path: outputs/image_modeling/val_split.csv
      hash: md5
      md5: e93decc6161c46d8cf7c682df451afee
      size: 9255052
    outs:
    - path: 
        models/Model_I12_ConvNeXt_Base_ModerateAug_Full/best_model_state_dict.pt
      hash: md5
      md5: ab3439b1473d6771e909d2f7bb49a47e
      size: 350512075
  train_text:
    cmd: python -m 
      models.textModeling.Model_T8_CamemBERT_FullFineTune_L128.train
    deps:
    - path: models/textModeling/Model_T8_CamemBERT_FullFineTune_L128/config.py
      hash: md5
      md5: 2a773c179753419cab700b1e43334aca
      size: 5875
      isexec: true
    - path: models/textModeling/Model_T8_CamemBERT_FullFineTune_L128/dataset.py
      hash: md5
      md5: dc3d83fa9bc39ff96bb903f7df469165
      size: 2057
      isexec: true
    - path: models/textModeling/Model_T8_CamemBERT_FullFineTune_L128/train.py
      hash: md5
      md5: 08f416358ab3c1f4239b9dcebd0536a4
      size: 15143
      isexec: true
    - path: models/textModeling/Model_T8_CamemBERT_FullFineTune_L128/utils.py
      hash: md5
      md5: f526bb334a9b2a5d094a007664a80078
      size: 16207
      isexec: true
    - path: outputs/image_modeling/label2id.json
      hash: md5
      md5: 2c4ee652148136abed6e670fa20052bb
      size: 362
    - path: outputs/image_modeling/train_split.csv
      hash: md5
      md5: a4c231acd83c87f72ce3ce2b780421f1
      size: 51506433
    - path: outputs/image_modeling/val_split.csv
      hash: md5
      md5: e93decc6161c46d8cf7c682df451afee
      size: 9255052
    outs:
    - path: 
        models/textModeling/Model_T8_CamemBERT_FullFineTune_L128/best_model_text.pt
      hash: md5
      md5: 7a7eaf68d3e2439b8e2474a97f499b68
      size: 442652965
